lockfileVersion: 5.4

specifiers:
  '@types/node': ^18.16.3
  typescript: ^5.0.4

devDependencies:
  '@types/node': 18.16.3
  typescript: 5.0.4

packages:

  /@types/node/18.16.3:
    resolution: {integrity: sha512-OPs5WnnT1xkCBiuQrZA4+YAV4HEJejmHneyraIaxsbev5yCEr6KMwINNFP9wQeFIw8FWcoTqF3vQsa5CDaI+8Q==}
    dev: true

  /typescript/5.0.4:
    resolution: {integrity: sha512-cW9T5W9xY37cc+jfEnaUvX91foxtHkza3Nw3wkoF4sSlKn0MONdkdEndig/qPBWXNkmplh3NzayQzCiHM4/hqw==}
    engines: {node: '>=12.20'}
    hasBin: true
    dev: true
